
Microsoft Visual Studio Solution File, Format Version 12.00
# Visual Studio Version 16
VisualStudioVersion = 16.0.29519.181
MinimumVisualStudioVersion = 10.0.40219.1
Project("{FAE04EC0-301F-11D3-BF4B-00C04F79EFBC}") = "CSHTML5.FluentDesign", "CSHTML5.FluentDesign\CSHTML5.FluentDesign.csproj", "{C03E5902-4843-4A03-990E-7D1D11146625}"
EndProject
Project("{FAE04EC0-301F-11D3-BF4B-00C04F79EFBC}") = "SampleApp", "SampleApp\SampleApp.csproj", "{D1EBF708-8241-40A8-8F69-F031A4260E0F}"
EndProject
Global
	GlobalSection(SolutionConfigurationPlatforms) = preSolution
		Debug|Any CPU = Debug|Any CPU
		Release|Any CPU = Release|Any CPU
	EndGlobalSection
	GlobalSection(ProjectConfigurationPlatforms) = postSolution
		{C03E5902-4843-4A03-990E-7D1D11146625}.Debug|Any CPU.ActiveCfg = Debug|Any CPU
		{C03E5902-4843-4A03-990E-7D1D11146625}.Debug|Any CPU.Build.0 = Debug|Any CPU
		{C03E5902-4843-4A03-990E-7D1D11146625}.Release|Any CPU.ActiveCfg = Release|Any CPU
		{C03E5902-4843-4A03-990E-7D1D11146625}.Release|Any CPU.Build.0 = Release|Any CPU
		{D1EBF708-8241-40A8-8F69-F031A4260E0F}.Debug|Any CPU.ActiveCfg = Debug|Any CPU
		{D1EBF708-8241-40A8-8F69-F031A4260E0F}.Debug|Any CPU.Build.0 = Debug|Any CPU
		{D1EBF708-8241-40A8-8F69-F031A4260E0F}.Release|Any CPU.ActiveCfg = Release|Any CPU
		{D1EBF708-8241-40A8-8F69-F031A4260E0F}.Release|Any CPU.Build.0 = Release|Any CPU
	EndGlobalSection
	GlobalSection(SolutionProperties) = preSolution
		HideSolutionNode = FALSE
	EndGlobalSection
	GlobalSection(ExtensibilityGlobals) = postSolution
		SolutionGuid = {52A7B242-511E-48C1-B82B-46DA11374DC9}
	EndGlobalSection
EndGlobal
